
Microsoft Visual Studio Solution File, Format Version 12.00
# Visual Studio Version 16
VisualStudioVersion = 16.0.31019.35
MinimumVisualStudioVersion = 10.0.40219.1
Project("{FAE04EC0-301F-11D3-BF4B-00C04F79EFBC}") = "Week12ProductsProject", "Week12ProductsProject.csproj", "{CA640BDF-85BC-40C6-BBB9-C8A9A81DCA2C}"
EndProject
Global
	GlobalSection(SolutionConfigurationPlatforms) = preSolution
		Debug|Any CPU = Debug|Any CPU
		Release|Any CPU = Release|Any CPU
	EndGlobalSection
	GlobalSection(ProjectConfigurationPlatforms) = postSolution
		{CA640BDF-85BC-40C6-BBB9-C8A9A81DCA2C}.Debug|Any CPU.ActiveCfg = Debug|Any CPU
		{CA640BDF-85BC-40C6-BBB9-C8A9A81DCA2C}.Debug|Any CPU.Build.0 = Debug|Any CPU
		{CA640BDF-85BC-40C6-BBB9-C8A9A81DCA2C}.Release|Any CPU.ActiveCfg = Release|Any CPU
		{CA640BDF-85BC-40C6-BBB9-C8A9A81DCA2C}.Release|Any CPU.Build.0 = Release|Any CPU
	EndGlobalSection
	GlobalSection(SolutionProperties) = preSolution
		HideSolutionNode = FALSE
	EndGlobalSection
	GlobalSection(ExtensibilityGlobals) = postSolution
		SolutionGuid = {857534AA-641E-447C-A0DC-87C413E07C6E}
	EndGlobalSection
EndGlobal
